
Microsoft Visual Studio Solution File, Format Version 12.00
# Visual Studio 15
VisualStudioVersion = 15.0.28307.329
MinimumVisualStudioVersion = 10.0.40219.1
Project("{E24C65DC-7377-472B-9ABA-BC803B73C61A}") = "Theme", "Theme\", "{57ED477D-6405-4BE7-912B-C442ECF975C5}"
	ProjectSection(WebsiteProperties) = preProject
		TargetFrameworkMoniker = ".NETFramework,Version%3Dv4.6.1"
		Debug.AspNetCompiler.VirtualPath = "/localhost_62401"
		Debug.AspNetCompiler.PhysicalPath = "Theme\"
		Debug.AspNetCompiler.TargetPath = "PrecompiledWeb\localhost_62401\"
		Debug.AspNetCompiler.Updateable = "true"
		Debug.AspNetCompiler.ForceOverwrite = "true"
		Debug.AspNetCompiler.FixedNames = "false"
		Debug.AspNetCompiler.Debug = "True"
		Release.AspNetCompiler.VirtualPath = "/localhost_62401"
		Release.AspNetCompiler.PhysicalPath = "Theme\"
		Release.AspNetCompiler.TargetPath = "PrecompiledWeb\localhost_62401\"
		Release.AspNetCompiler.Updateable = "true"
		Release.AspNetCompiler.ForceOverwrite = "true"
		Release.AspNetCompiler.FixedNames = "false"
		Release.AspNetCompiler.Debug = "False"
		VWDPort = "62401"
		SlnRelativePath = "Theme\"
		DefaultWebSiteLanguage = "Visual C#"
	EndProjectSection
EndProject
Global
	GlobalSection(SolutionConfigurationPlatforms) = preSolution
		Debug|Any CPU = Debug|Any CPU
	EndGlobalSection
	GlobalSection(ProjectConfigurationPlatforms) = postSolution
		{57ED477D-6405-4BE7-912B-C442ECF975C5}.Debug|Any CPU.ActiveCfg = Debug|Any CPU
		{57ED477D-6405-4BE7-912B-C442ECF975C5}.Debug|Any CPU.Build.0 = Debug|Any CPU
	EndGlobalSection
	GlobalSection(SolutionProperties) = preSolution
		HideSolutionNode = FALSE
	EndGlobalSection
	GlobalSection(ExtensibilityGlobals) = postSolution
		SolutionGuid = {831F5EED-CB9A-4BA9-88F5-F35FD41E9713}
	EndGlobalSection
EndGlobal
